
Microsoft Visual Studio Solution File, Format Version 12.00
# Visual Studio Version 16
VisualStudioVersion = 16.0.31702.278
MinimumVisualStudioVersion = 10.0.40219.1
Project("{888888A0-9F3D-457C-B088-3A5042F75D52}") = "OCR", "OCR\OCR.pyproj", "{433A4C3B-2B1B-41B7-BF46-E7D050068766}"
EndProject
Global
	GlobalSection(SolutionConfigurationPlatforms) = preSolution
		Debug|Any CPU = Debug|Any CPU
		Release|Any CPU = Release|Any CPU
	EndGlobalSection
	GlobalSection(ProjectConfigurationPlatforms) = postSolution
		{433A4C3B-2B1B-41B7-BF46-E7D050068766}.Debug|Any CPU.ActiveCfg = Debug|Any CPU
		{433A4C3B-2B1B-41B7-BF46-E7D050068766}.Release|Any CPU.ActiveCfg = Release|Any CPU
	EndGlobalSection
	GlobalSection(SolutionProperties) = preSolution
		HideSolutionNode = FALSE
	EndGlobalSection
	GlobalSection(ExtensibilityGlobals) = postSolution
		SolutionGuid = {89870673-A69D-4F72-8E2D-05D93B9954C0}
	EndGlobalSection
EndGlobal
