
Microsoft Visual Studio Solution File, Format Version 12.00
# Visual Studio Version 16
VisualStudioVersion = 16.0.31624.102
MinimumVisualStudioVersion = 10.0.40219.1
Project("{888888A0-9F3D-457C-B088-3A5042F75D52}") = "pillar_counter", "pillar_counter.pyproj", "{BB40915D-BB09-4BB3-8B2C-7D2438F55687}"
EndProject
Global
	GlobalSection(SolutionConfigurationPlatforms) = preSolution
		Debug|Any CPU = Debug|Any CPU
		Release|Any CPU = Release|Any CPU
	EndGlobalSection
	GlobalSection(ProjectConfigurationPlatforms) = postSolution
		{BB40915D-BB09-4BB3-8B2C-7D2438F55687}.Debug|Any CPU.ActiveCfg = Debug|Any CPU
		{BB40915D-BB09-4BB3-8B2C-7D2438F55687}.Release|Any CPU.ActiveCfg = Release|Any CPU
	EndGlobalSection
	GlobalSection(SolutionProperties) = preSolution
		HideSolutionNode = FALSE
	EndGlobalSection
	GlobalSection(ExtensibilityGlobals) = postSolution
		SolutionGuid = {C7AD536F-270C-48D0-8662-4740A6F91CC9}
	EndGlobalSection
EndGlobal
